#
# This file is autogenerated by pip-compile with Python 3.13
# by the following command:
#
#    pip-compile --extra=dev --output-file=requirements-dev.lock --strip-extras pyproject.toml
#
aiofiles==25.1.0
    # via aiogram
aiogram==3.30.0
    # via ai-telegram-business-assistant (pyproject.toml)
aiohappyeyeballs==2.7.1
    # via aiohttp
aiohttp==3.14.3
    # via aiogram
aiosignal==1.4.0
    # via aiohttp
alembic==1.18.5
    # via ai-telegram-business-assistant (pyproject.toml)
amqp==5.3.1
    # via kombu
annotated-doc==0.0.5
    # via fastapi
annotated-types==0.8.0
    # via pydantic
anyio==4.14.2
    # via
    #   httpx
    #   starlette
asyncpg==0.31.0
    # via ai-telegram-business-assistant (pyproject.toml)
attrs==26.1.0
    # via aiohttp
billiard==4.2.4
    # via celery
build==1.5.0
    # via ai-telegram-business-assistant (pyproject.toml)
celery==5.6.3
    # via ai-telegram-business-assistant (pyproject.toml)
certifi==2026.7.22
    # via
    #   aiogram
    #   httpcore
    #   httpx
    #   requests
cfgv==3.5.0
    # via pre-commit
charset-normalizer==3.4.9
    # via requests
click==8.4.2
    # via
    #   celery
    #   click-didyoumean
    #   click-plugins
    #   click-repl
    #   uvicorn
click-didyoumean==0.3.1
    # via celery
click-plugins==1.1.1.2
    # via celery
click-repl==0.3.0
    # via celery
coverage==7.15.3
    # via pytest-cov
detect-secrets==1.5.0
    # via ai-telegram-business-assistant (pyproject.toml)
distlib==0.4.3
    # via virtualenv
editables==0.6
    # via ai-telegram-business-assistant (pyproject.toml)
fastapi==0.141.1
    # via ai-telegram-business-assistant (pyproject.toml)
filelock==3.32.2
    # via
    #   python-discovery
    #   virtualenv
frozenlist==1.8.0
    # via
    #   aiohttp
    #   aiosignal
greenlet==3.5.4
    # via sqlalchemy
h11==0.16.0
    # via
    #   httpcore
    #   uvicorn
hatchling==1.31.0
    # via ai-telegram-business-assistant (pyproject.toml)
httpcore==1.0.9
    # via httpx
httpx==0.28.1
    # via ai-telegram-business-assistant (pyproject.toml)
identify==2.6.19
    # via pre-commit
idna==3.18
    # via
    #   anyio
    #   httpx
    #   requests
    #   yarl
iniconfig==2.3.0
    # via pytest
kombu==5.6.2
    # via celery
librt==0.13.0
    # via mypy
magic-filter==1.0.12
    # via aiogram
mako==1.3.12
    # via alembic
markupsafe==3.0.3
    # via mako
multidict==6.7.1
    # via
    #   aiohttp
    #   yarl
mypy==1.20.2
    # via ai-telegram-business-assistant (pyproject.toml)
mypy-extensions==1.1.0
    # via mypy
nodeenv==1.10.0
    # via pre-commit
packaging==26.2
    # via
    #   build
    #   hatchling
    #   kombu
    #   pytest
pathspec==1.1.1
    # via
    #   hatchling
    #   mypy
pgvector==0.5.0
    # via ai-telegram-business-assistant (pyproject.toml)
platformdirs==4.11.0
    # via virtualenv
pluggy==1.6.0
    # via
    #   hatchling
    #   pytest
    #   pytest-cov
pre-commit==4.6.1
    # via ai-telegram-business-assistant (pyproject.toml)
prompt-toolkit==3.0.53
    # via click-repl
propcache==0.5.2
    # via
    #   aiohttp
    #   yarl
pydantic==2.13.4
    # via
    #   aiogram
    #   fastapi
pydantic-core==2.46.4
    # via pydantic
pygments==2.20.0
    # via pytest
pyproject-hooks==1.2.0
    # via build
pytest==8.4.2
    # via
    #   ai-telegram-business-assistant (pyproject.toml)
    #   pytest-asyncio
    #   pytest-cov
pytest-asyncio==1.4.0
    # via ai-telegram-business-assistant (pyproject.toml)
pytest-cov==6.3.0
    # via ai-telegram-business-assistant (pyproject.toml)
python-dateutil==2.9.0.post0
    # via celery
python-discovery==1.5.1
    # via virtualenv
pyyaml==6.0.3
    # via
    #   detect-secrets
    #   pre-commit
redis==6.4.0
    # via kombu
requests==2.34.2
    # via detect-secrets
ruff==0.16.1
    # via ai-telegram-business-assistant (pyproject.toml)
six==1.17.0
    # via python-dateutil
sqlalchemy==2.0.51
    # via
    #   ai-telegram-business-assistant (pyproject.toml)
    #   alembic
    #   sqlalchemy
starlette==1.3.1
    # via fastapi
trove-classifiers==2026.6.1.19
    # via hatchling
typing-extensions==4.16.0
    # via
    #   aiogram
    #   alembic
    #   fastapi
    #   mypy
    #   pydantic
    #   pydantic-core
    #   sqlalchemy
    #   typing-inspection
typing-inspection==0.4.2
    # via
    #   fastapi
    #   pydantic
tzdata==2026.3
    # via kombu
tzlocal==5.4.4
    # via celery
urllib3==2.7.0
    # via requests
uvicorn==0.52.1
    # via ai-telegram-business-assistant (pyproject.toml)
vine==5.1.0
    # via
    #   amqp
    #   celery
    #   kombu
virtualenv==21.7.1
    # via pre-commit
wcwidth==0.8.2
    # via prompt-toolkit
yarl==1.24.5
    # via aiohttp
