#
# This file is autogenerated by pip-compile with Python 3.13
# by the following command:
#
#    pip-compile --extra=dev --output-file=requirements-dev.lock --strip-extras pyproject.toml
#
alembic==1.18.5
    # via ai-telegram-business-assistant (pyproject.toml)
asyncpg==0.31.0
    # via ai-telegram-business-assistant (pyproject.toml)
build==1.5.0
    # via ai-telegram-business-assistant (pyproject.toml)
certifi==2026.7.22
    # via requests
cfgv==3.5.0
    # via pre-commit
charset-normalizer==3.4.9
    # via requests
coverage==7.15.3
    # via pytest-cov
detect-secrets==1.5.0
    # via ai-telegram-business-assistant (pyproject.toml)
distlib==0.4.3
    # via virtualenv
editables==0.6
    # via ai-telegram-business-assistant (pyproject.toml)
filelock==3.32.2
    # via
    #   python-discovery
    #   virtualenv
greenlet==3.5.4
    # via sqlalchemy
hatchling==1.31.0
    # via ai-telegram-business-assistant (pyproject.toml)
identify==2.6.19
    # via pre-commit
idna==3.18
    # via requests
iniconfig==2.3.0
    # via pytest
librt==0.13.0 ; python_version >= "3.13"
    # via mypy
mako==1.3.12
    # via alembic
markupsafe==3.0.3
    # via mako
mypy==1.20.2
    # via ai-telegram-business-assistant (pyproject.toml)
mypy-extensions==1.1.0
    # via mypy
nodeenv==1.10.0
    # via pre-commit
packaging==26.2
    # via
    #   build
    #   hatchling
    #   pytest
pathspec==1.1.1
    # via
    #   hatchling
    #   mypy
pgvector==0.5.0
    # via ai-telegram-business-assistant (pyproject.toml)
platformdirs==4.11.0
    # via virtualenv
pluggy==1.6.0
    # via
    #   hatchling
    #   pytest
    #   pytest-cov
pre-commit==4.6.1
    # via ai-telegram-business-assistant (pyproject.toml)
pygments==2.20.0
    # via pytest
pyproject-hooks==1.2.0
    # via build
pytest==8.4.2
    # via
    #   ai-telegram-business-assistant (pyproject.toml)
    #   pytest-asyncio
    #   pytest-cov
pytest-asyncio==1.4.0
    # via ai-telegram-business-assistant (pyproject.toml)
pytest-cov==6.3.0
    # via ai-telegram-business-assistant (pyproject.toml)
python-discovery==1.5.1
    # via virtualenv
pyyaml==6.0.3
    # via
    #   detect-secrets
    #   pre-commit
requests==2.34.2
    # via detect-secrets
ruff==0.16.1
    # via ai-telegram-business-assistant (pyproject.toml)
sqlalchemy==2.0.51
    # via
    #   ai-telegram-business-assistant (pyproject.toml)
    #   alembic
    #   sqlalchemy
trove-classifiers==2026.6.1.19
    # via hatchling
typing-extensions==4.16.0
    # via
    #   alembic
    #   mypy
    #   sqlalchemy
urllib3==2.7.0
    # via requests
virtualenv==21.7.1
    # via pre-commit
